
Microsoft Visual Studio Solution File, Format Version 12.00
# Visual Studio 2012
Project("{FAE04EC0-301F-11D3-BF4B-00C04F79EFBC}") = "WebApplication", "WebApplication\WebApplication.csproj", "{BF1F5090-182A-459D-9A33-0690D7329DE6}"
EndProject
Global
	GlobalSection(SolutionConfigurationPlatforms) = preSolution
		Debug|Any CPU = Debug|Any CPU
		Release|Any CPU = Release|Any CPU
	EndGlobalSection
	GlobalSection(ProjectConfigurationPlatforms) = postSolution
		{BF1F5090-182A-459D-9A33-0690D7329DE6}.Debug|Any CPU.ActiveCfg = Debug|Any CPU
		{BF1F5090-182A-459D-9A33-0690D7329DE6}.Debug|Any CPU.Build.0 = Debug|Any CPU
		{BF1F5090-182A-459D-9A33-0690D7329DE6}.Release|Any CPU.ActiveCfg = Release|Any CPU
		{BF1F5090-182A-459D-9A33-0690D7329DE6}.Release|Any CPU.Build.0 = Release|Any CPU
	EndGlobalSection
	GlobalSection(SolutionProperties) = preSolution
		HideSolutionNode = FALSE
	EndGlobalSection
EndGlobal
